
Microsoft Visual Studio Solution File, Format Version 12.00
# Visual Studio Version 16
VisualStudioVersion = 16.0.31624.102
MinimumVisualStudioVersion = 10.0.40219.1
Project("{FAE04EC0-301F-11D3-BF4B-00C04F79EFBC}") = "gittrayning", "gittrayning\gittrayning.csproj", "{F173C765-7AA2-4404-97D5-71E9437B460A}"
EndProject
Global
	GlobalSection(SolutionConfigurationPlatforms) = preSolution
		Debug|Any CPU = Debug|Any CPU
		Release|Any CPU = Release|Any CPU
	EndGlobalSection
	GlobalSection(ProjectConfigurationPlatforms) = postSolution
		{F173C765-7AA2-4404-97D5-71E9437B460A}.Debug|Any CPU.ActiveCfg = Debug|Any CPU
		{F173C765-7AA2-4404-97D5-71E9437B460A}.Debug|Any CPU.Build.0 = Debug|Any CPU
		{F173C765-7AA2-4404-97D5-71E9437B460A}.Release|Any CPU.ActiveCfg = Release|Any CPU
		{F173C765-7AA2-4404-97D5-71E9437B460A}.Release|Any CPU.Build.0 = Release|Any CPU
	EndGlobalSection
	GlobalSection(SolutionProperties) = preSolution
		HideSolutionNode = FALSE
	EndGlobalSection
	GlobalSection(ExtensibilityGlobals) = postSolution
		SolutionGuid = {D13EEE19-7098-45C3-810A-A95B2EA6CC7C}
	EndGlobalSection
EndGlobal
